NPM_VERSION=11.11.1
SHFMT_VERSION=v3.13.0
SHFMT_SHA256_AMD64=70aa99784703a8d6569bbf0b1e43e1a91906a4166bf1a79de42050a6d0de7551
SHFMT_SHA256_ARM64=2091a31afd47742051a77bf7cfd175533ab07e924c20ef3151cd108fa1cab5b0
ACTIONLINT_VERSION=1.7.11
ACTIONLINT_SHA256_AMD64=900919a84f2229bac68ca9cd4103ea297abc35e9689ebb842c6e34a3d1b01b0a
ACTIONLINT_SHA256_ARM64=21bc0dfb57a913fe175298c2a9e906ee630f747cb66d0a934d0d4b69f4ee1235
HADOLINT_VERSION=v2.14.0
HADOLINT_SHA256_AMD64=6bf226944684f56c84dd014e8b979d27425c0148f61b3bd99bcc6f39e9dc5a47
HADOLINT_SHA256_ARM64=331f1d3511b84a4f1e3d18d52fec284723e4019552f4f47b19322a53ce9a40ed
YQ_VERSION=v4.52.5
YQ_SHA256_AMD64=75d893a0d5940d1019cb7cdc60001d9e876623852c31cfc6267047bc31149fa9
YQ_SHA256_ARM64=90fa510c50ee8ca75544dbfffed10c88ed59b36834df35916520cddc623d9aaa
MARKDOWNLINT_CLI2_VERSION=0.21.0
BIOME_VERSION=2.4.7
STYLELINT_VERSION=17.4.0
LUACHECK_VERSION=1.2.0-1
BUSTED_VERSION=2.3.0-1
BATS_VERSION=v1.13.0
BATS_SUPPORT_VERSION=v0.3.0
BATS_ASSERT_VERSION=v2.2.4
BATS_FILE_VERSION=v0.4.0
VALIDATE_ACTION_PINS_VERSION=local
