NPM_VERSION=12.2.0
SHFMT_VERSION=v3.14.1
SHFMT_AMD64_URL=https://github.com/mvdan/sh/releases/download/v3.14.1/shfmt_v3.14.1_linux_amd64
SHFMT_AMD64_SHA256=76e77641faa025814b77f153b29796b8e6fa2fca03e0c76a691608b86c7ea7bf
SHFMT_ARM64_URL=https://github.com/mvdan/sh/releases/download/v3.14.1/shfmt_v3.14.1_linux_arm64
SHFMT_ARM64_SHA256=5f2db09dae91fca848f7adbdd014632e921a383863a2ad7e0450ad3aba0c6489
ACTIONLINT_VERSION=v1.7.12
ACTIONLINT_AMD64_URL=https://github.com/rhysd/actionlint/releases/download/v1.7.12/actionlint_1.7.12_linux_amd64.tar.gz
ACTIONLINT_AMD64_SHA256=8aca8db96f1b94770f1b0d72b6dddcb1ebb8123cb3712530b08cc387b349a3d8
ACTIONLINT_ARM64_URL=https://github.com/rhysd/actionlint/releases/download/v1.7.12/actionlint_1.7.12_linux_arm64.tar.gz
ACTIONLINT_ARM64_SHA256=325e971b6ba9bfa504672e29be93c24981eeb1c07576d730e9f7c8805afff0c6
HADOLINT_VERSION=v2.15.1
HADOLINT_AMD64_URL=https://github.com/hadolint/hadolint/releases/download/v2.15.1/hadolint-linux-x86_64
HADOLINT_AMD64_SHA256=c7187db94eeeeca956519a6af171adc31453941a1e777961f6e680f697c8c507
HADOLINT_ARM64_URL=https://github.com/hadolint/hadolint/releases/download/v2.15.1/hadolint-linux-arm64
HADOLINT_ARM64_SHA256=f6198ef8090f404dbb771abfee086eb8c48ac177f30da7fd3510aca35b344b5d
YQ_VERSION=v4.54.1
YQ_AMD64_URL=https://github.com/mikefarah/yq/releases/download/v4.54.1/yq_linux_amd64
YQ_AMD64_SHA256=8e34fc298390875de416e6a4afcb8cabeceb25d9aa8506c1a2f9353cf702ea5f
YQ_ARM64_URL=https://github.com/mikefarah/yq/releases/download/v4.54.1/yq_linux_arm64
YQ_ARM64_SHA256=189088da0c6429ec5178dfaab1a114805f6cab0b61b165ab236efedf1d57a71b
GH_VERSION=v2.102.0
GH_AMD64_URL=https://github.com/cli/cli/releases/download/v2.102.0/gh_2.102.0_linux_amd64.tar.gz
GH_AMD64_SHA256=bb766f710eef8ede859c18578c72c327597cd4c8a85b06001b1f3843c6019386
GH_ARM64_URL=https://github.com/cli/cli/releases/download/v2.102.0/gh_2.102.0_linux_arm64.tar.gz
GH_ARM64_SHA256=7862c86c72f43df3a2d93ddde6f473285b4e2af61b494849846827e513ef6484
SHELLCHECK_VERSION=v0.11.0
SHELLCHECK_AMD64_URL=https://github.com/koalaman/shellcheck/releases/download/v0.11.0/shellcheck-v0.11.0.linux.x86_64.tar.gz
SHELLCHECK_AMD64_SHA256=b7af85e41cc99489dcc21d66c6d5f3685138f06d34651e6d34b42ec6d54fe6f6
SHELLCHECK_ARM64_URL=https://github.com/koalaman/shellcheck/releases/download/v0.11.0/shellcheck-v0.11.0.linux.aarch64.tar.gz
SHELLCHECK_ARM64_SHA256=68a8133197a50beb8803f8d42f9908d1af1c5540d4bb05fdfca8c1fa47decefc
JQ_VERSION=jq-1.8.2
JQ_AMD64_URL=https://github.com/jqlang/jq/releases/download/jq-1.8.2/jq-linux-amd64
JQ_AMD64_SHA256=b1c22172dd303f3be49e935aa56aa48a8b7a46e0bc838b4997d3bb451495870f
JQ_ARM64_URL=https://github.com/jqlang/jq/releases/download/jq-1.8.2/jq-linux-arm64
JQ_ARM64_SHA256=8b85c817833814ddca00a144c33705546355afccf0cf39b188f3cdb48b852309
LUACHECK_VERSION=1.2.0-1
BUSTED_VERSION=2.3.0-1
BATS_VERSION=v1.14.0
BATS_COMMIT=eb7f42f8d608ac693d7a4b67474f6714ea68cfc5
BATS_SUPPORT_VERSION=v0.3.0
BATS_SUPPORT_COMMIT=24a72e14349690bcbf7c151b9d2d1cdd32d36eb1
BATS_ASSERT_VERSION=v2.2.4
BATS_ASSERT_COMMIT=f1e9280eaae8f86cbe278a687e6ba755bc802c1a
BATS_FILE_VERSION=v0.4.0
BATS_FILE_COMMIT=13ad5e2ffcc360281432db3d43a306f7b3667d60
VALIDATE_ACTION_PINS_VERSION=local
