SHFMT_VERSION=v3.12.0
SHFMT_SHA256_AMD64=d9fbb2a9c33d13f47e7618cf362a914d029d02a6df124064fff04fd688a745ea
SHFMT_SHA256_ARM64=5f3fe3fa6a9f766e6a182ba79a94bef8afedafc57db0b1ad32b0f67fae971ba4
ACTIONLINT_VERSION=1.7.11
ACTIONLINT_SHA256_AMD64=900919a84f2229bac68ca9cd4103ea297abc35e9689ebb842c6e34a3d1b01b0a
ACTIONLINT_SHA256_ARM64=21bc0dfb57a913fe175298c2a9e906ee630f747cb66d0a934d0d4b69f4ee1235
HADOLINT_VERSION=v2.14.0
HADOLINT_SHA256_AMD64=6bf226944684f56c84dd014e8b979d27425c0148f61b3bd99bcc6f39e9dc5a47
HADOLINT_SHA256_ARM64=331f1d3511b84a4f1e3d18d52fec284723e4019552f4f47b19322a53ce9a40ed
MARKDOWNLINT_CLI2_VERSION=0.21.0
BIOME_VERSION=2.4.1
STYLELINT_VERSION=17.3.0
LUACHECK_VERSION=1.2.0-1
BATS_SUPPORT_VERSION=v0.3.0
BATS_ASSERT_VERSION=v2.2.4
BATS_FILE_VERSION=v0.4.0
VALIDATE_ACTION_PINS_VERSION=local
