{
  "name": "ci-tools-prettier",
  "lockfileVersion": 3,
  "requires": true,
  "packages": {
    "": {
      "name": "ci-tools-prettier",
      "dependencies": {
        "@knight-owl-llc/prettier-plugin-pandoc": "0.4.0",
        "prettier": "3.9.9"
      }
    },
    "node_modules/@knight-owl-llc/pandoc-parser": {
      "version": "0.4.0",
      "resolved": "https://registry.npmjs.org/@knight-owl-llc/pandoc-parser/-/pandoc-parser-0.4.0.tgz",
      "integrity": "sha512-2CPLBj4cdMHuXbh4/AuRGBLSwAbKDjPHws5h06TJOgQwlzKDtiw49KpqIFWO+GIfXeSjyNB7Z055P08RvrAfeQ==",
      "license": "GPL-2.0-or-later",
      "dependencies": {
        "yaml": "^2.9.1"
      }
    },
    "node_modules/@knight-owl-llc/prettier-plugin-pandoc": {
      "version": "0.4.0",
      "resolved": "https://registry.npmjs.org/@knight-owl-llc/prettier-plugin-pandoc/-/prettier-plugin-pandoc-0.4.0.tgz",
      "integrity": "sha512-ZbitP9hQ0AQSijz/h5qMwfNu+CkOjcLYWIKc0EbqiWLxnywjZxrgfdXG71KrSEJMSTndtMdxXQtENgAKdBvKjg==",
      "license": "GPL-2.0-or-later",
      "dependencies": {
        "@knight-owl-llc/pandoc-parser": "0.4.0"
      },
      "peerDependencies": {
        "prettier": "^3"
      }
    },
    "node_modules/prettier": {
      "version": "3.9.9",
      "resolved": "https://registry.npmjs.org/prettier/-/prettier-3.9.9.tgz",
      "integrity": "sha512-Z/CJHIkdujO/OtN7nXUii0Rf3VT5SRuhjBA82Xvu2XhBUgX3nhP67T0LHceBdQLex7OOFGTox+Q5Yg8Jk2Qivg==",
      "license": "MIT",
      "bin": {
        "prettier": "bin/prettier.cjs"
      },
      "engines": {
        "node": ">=14"
      },
      "funding": {
        "url": "https://github.com/prettier/prettier?sponsor=1"
      }
    },
    "node_modules/yaml": {
      "version": "2.9.1",
      "resolved": "https://registry.npmjs.org/yaml/-/yaml-2.9.1.tgz",
      "integrity": "sha512-3NxN8+78OdzbT7C/WjGsyfPAtJaN3FNDsWxv7Y7mcDsT/oOmgW8BpyQQFFBnvZE3j9Y2Sdz1ULFLezL7Eb2yFw==",
      "license": "ISC",
      "bin": {
        "yaml": "bin.mjs"
      },
      "engines": {
        "node": ">= 14.6"
      },
      "funding": {
        "url": "https://github.com/sponsors/eemeli"
      }
    }
  }
}
